
Microsoft Visual Studio Solution File, Format Version 12.00
# Visual Studio Version 17
VisualStudioVersion = 17.11.35327.3
MinimumVisualStudioVersion = 10.0.40219.1
Project("{FAE04EC0-301F-11D3-BF4B-00C04F79EFBC}") = "PrestamoDeLibros", "PrestamoDeLibros\PrestamoDeLibros.csproj", "{A9F10835-FAB8-4172-9AF3-3DBB0C9E42A4}"
EndProject
Project("{FAE04EC0-301F-11D3-BF4B-00C04F79EFBC}") = "Datos", "Datos\Datos.csproj", "{7C02178F-D9FC-45AA-AED9-DF1167F153E0}"
EndProject
Global
	GlobalSection(SolutionConfigurationPlatforms) = preSolution
		Debug|Any CPU = Debug|Any CPU
		Release|Any CPU = Release|Any CPU
	EndGlobalSection
	GlobalSection(ProjectConfigurationPlatforms) = postSolution
		{A9F10835-FAB8-4172-9AF3-3DBB0C9E42A4}.Debug|Any CPU.ActiveCfg = Debug|Any CPU
		{A9F10835-FAB8-4172-9AF3-3DBB0C9E42A4}.Debug|Any CPU.Build.0 = Debug|Any CPU
		{A9F10835-FAB8-4172-9AF3-3DBB0C9E42A4}.Release|Any CPU.ActiveCfg = Release|Any CPU
		{A9F10835-FAB8-4172-9AF3-3DBB0C9E42A4}.Release|Any CPU.Build.0 = Release|Any CPU
		{7C02178F-D9FC-45AA-AED9-DF1167F153E0}.Debug|Any CPU.ActiveCfg = Debug|Any CPU
		{7C02178F-D9FC-45AA-AED9-DF1167F153E0}.Debug|Any CPU.Build.0 = Debug|Any CPU
		{7C02178F-D9FC-45AA-AED9-DF1167F153E0}.Release|Any CPU.ActiveCfg = Release|Any CPU
		{7C02178F-D9FC-45AA-AED9-DF1167F153E0}.Release|Any CPU.Build.0 = Release|Any CPU
	EndGlobalSection
	GlobalSection(SolutionProperties) = preSolution
		HideSolutionNode = FALSE
	EndGlobalSection
	GlobalSection(ExtensibilityGlobals) = postSolution
		SolutionGuid = {03299880-B416-4FF3-9328-2FAFA001CAC5}
	EndGlobalSection
EndGlobal
